<?xml version="1.0" encoding="utf-8"?>
<Project ToolsVersion="4.0" xmlns="http://schemas.microsoft.com/developer/msbuild/2003">
  <ItemGroup>
    <Filter Include="src">
      <UniqueIdentifier>{0b1fe2f7-c452-4b72-af98-38ff006a0400}</UniqueIdentifier>
    </Filter>
    <Filter Include="include">
      <UniqueIdentifier>{924e2b72-bda7-4dfc-972c-a1c0218bb9b0}</UniqueIdentifier>
    </Filter>
  </ItemGroup>
  <ItemGroup>
    <ClCompile Include="..\..\src\convert_data_12_16.c">
      <Filter>src</Filter>
    </ClCompile>
    <ClCompile Include="..\..\src\des.c">
      <Filter>src</Filter>
    </ClCompile>
    <ClCompile Include="..\..\src\df_read.c">
      <Filter>src</Filter>
    </ClCompile>
    <ClCompile Include="..\..\src\dfparse.c">
      <Filter>src</Filter>
    </ClCompile>
    <ClCompile Include="..\..\src\eng_read.c">
      <Filter>src</Filter>
    </ClCompile>
    <ClCompile Include="..\..\src\extract.c">
      <Filter>src</Filter>
    </ClCompile>
    <ClCompile Include="..\..\src\graphic.c">
      <Filter>src</Filter>
    </ClCompile>
    <ClCompile Include="..\..\src\image.c">
      <Filter>src</Filter>
    </ClCompile>
    <ClCompile Include="..\..\src\j_io.c">
      <Filter>src</Filter>
    </ClCompile>
    <ClCompile Include="..\..\src\j_string.c">
      <Filter>src</Filter>
    </ClCompile>
    <ClCompile Include="..\..\src\label.c">
      <Filter>src</Filter>
    </ClCompile>
    <ClCompile Include="..\..\src\md5c.c">
      <Filter>src</Filter>
    </ClCompile>
    <ClCompile Include="..\..\src\menu.c">
      <Filter>src</Filter>
    </ClCompile>
    <ClCompile Include="..\..\src\rbd_jpeg.c">
      <Filter>src</Filter>
    </ClCompile>
    <ClCompile Include="..\..\src\read_switch.c">
      <Filter>src</Filter>
    </ClCompile>
    <ClCompile Include="..\..\src\symbol.c">
      <Filter>src</Filter>
    </ClCompile>
    <ClCompile Include="..\..\src\text.c">
      <Filter>src</Filter>
    </ClCompile>
    <ClCompile Include="..\..\src\tre.c">
      <Filter>src</Filter>
    </ClCompile>
    <ClCompile Include="..\..\src\unblock.c">
      <Filter>src</Filter>
    </ClCompile>
    <ClCompile Include="..\..\src\write_fs.c">
      <Filter>src</Filter>
    </ClCompile>
    <ClCompile Include="..\..\src\write_text.c">
      <Filter>src</Filter>
    </ClCompile>
  </ItemGroup>
  <ItemGroup>
    <ClInclude Include="..\..\include\defines.h">
      <Filter>include</Filter>
    </ClInclude>
    <ClInclude Include="..\..\include\global.h">
      <Filter>include</Filter>
    </ClInclude>
    <ClInclude Include="..\..\include\md5.h">
      <Filter>include</Filter>
    </ClInclude>
    <ClInclude Include="..\..\include\nitf_s20.h">
      <Filter>include</Filter>
    </ClInclude>
    <ClInclude Include="..\..\include\nitf_s21.h">
      <Filter>include</Filter>
    </ClInclude>
  </ItemGroup>
</Project>